dependencies:
  '@fast-csv/parse': 4.1.2
  ramda: 0.27.0
lockfileVersion: 5.1
packages:
  /@fast-csv/parse/4.1.2:
    dependencies:
      lodash.escaperegexp: 4.1.2
      lodash.groupby: 4.6.0
      lodash.isfunction: 3.0.9
      lodash.isnil: 4.0.0
      lodash.isundefined: 3.0.1
      lodash.uniq: 4.5.0
    dev: false
    resolution:
      integrity: sha512-GmgHo1EHB5/M2v3tAj83l77PxGCxxYvx0s/PoWM/fp5PrS8ECtX0THKsuJ0jO3+BkpaHhX3/UZFOBnfcEw1FkQ==
  /lodash.escaperegexp/4.1.2:
    dev: false
    resolution:
      integrity: sha1-ZHYsSGGAglGKw99Mz11YhtriA0c=
  /lodash.groupby/4.6.0:
    dev: false
    resolution:
      integrity: sha1-Cwih3PaDl8OXhVwyOXg4Mt90A9E=
  /lodash.isfunction/3.0.9:
    dev: false
    resolution:
      integrity: sha512-AirXNj15uRIMMPihnkInB4i3NHeb4iBtNg9WRWuK2o31S+ePwwNmDPaTL3o7dTJ+VXNZim7rFs4rxN4YU1oUJw==
  /lodash.isnil/4.0.0:
    dev: false
    resolution:
      integrity: sha1-SeKM1VkBNFjIFMVHnTxmOiG/qmw=
  /lodash.isundefined/3.0.1:
    dev: false
    resolution:
      integrity: sha1-I+89lTVWUgOmbO/VuDD4SJEa+0g=
  /lodash.uniq/4.5.0:
    dev: false
    resolution:
      integrity: sha1-0CJTc662Uq3BvILklFM5qEJ1R3M=
  /ramda/0.27.0:
    dev: false
    resolution:
      integrity: sha512-pVzZdDpWwWqEVVLshWUHjNwuVP7SfcmPraYuqocJp1yo2U1R7P+5QAfDhdItkuoGqIBnBYrtPp7rEPqDn9HlZA==
specifiers:
  '@fast-csv/parse': ^4.1.2
  ramda: ^0.27.0
